
Microsoft Visual Studio Solution File, Format Version 12.00
# Visual Studio 15
VisualStudioVersion = 15.0.27428.2037
MinimumVisualStudioVersion = 10.0.40219.1
Project("{FAE04EC0-301F-11D3-BF4B-00C04F79EFBC}") = "Abstract_Class_(Soyut_Siniflar)", "Abstract_Class_(Soyut_Siniflar)\Abstract_Class_(Soyut_Siniflar).csproj", "{2AF76749-1517-4B82-A08E-6D5B9185392F}"
EndProject
Global
	GlobalSection(SolutionConfigurationPlatforms) = preSolution
		Debug|Any CPU = Debug|Any CPU
		Release|Any CPU = Release|Any CPU
	EndGlobalSection
	GlobalSection(ProjectConfigurationPlatforms) = postSolution
		{2AF76749-1517-4B82-A08E-6D5B9185392F}.Debug|Any CPU.ActiveCfg = Debug|Any CPU
		{2AF76749-1517-4B82-A08E-6D5B9185392F}.Debug|Any CPU.Build.0 = Debug|Any CPU
		{2AF76749-1517-4B82-A08E-6D5B9185392F}.Release|Any CPU.ActiveCfg = Release|Any CPU
		{2AF76749-1517-4B82-A08E-6D5B9185392F}.Release|Any CPU.Build.0 = Release|Any CPU
	EndGlobalSection
	GlobalSection(SolutionProperties) = preSolution
		HideSolutionNode = FALSE
	EndGlobalSection
	GlobalSection(ExtensibilityGlobals) = postSolution
		SolutionGuid = {1AFF3428-B50D-4453-8152-CF76A22FD5BA}
	EndGlobalSection
EndGlobal
